
Microsoft Visual Studio Solution File, Format Version 12.00
# Visual Studio Version 17
VisualStudioVersion = 17.14.36518.9 d17.14
MinimumVisualStudioVersion = 10.0.40219.1
Project("{FAE04EC0-301F-11D3-BF4B-00C04F79EFBC}") = "AutomationBridge.PTLWorker", "AutomationBridge.PTLWorker\AutomationBridge.PTLWorker.csproj", "{0B539B48-35D9-40DA-9CED-1288D073EAB3}"
EndProject
Project("{FAE04EC0-301F-11D3-BF4B-00C04F79EFBC}") = "AutomationBridge.PLCWorker", "AutomationBridge.PLCWorker\AutomationBridge.PLCWorker.csproj", "{163E8D65-01D0-49F1-BF51-738AEE171A42}"
EndProject
Global
	GlobalSection(SolutionConfigurationPlatforms) = preSolution
		Debug|Any CPU = Debug|Any CPU
		Release|Any CPU = Release|Any CPU
	EndGlobalSection
	GlobalSection(ProjectConfigurationPlatforms) = postSolution
		{0B539B48-35D9-40DA-9CED-1288D073EAB3}.Debug|Any CPU.ActiveCfg = Debug|Any CPU
		{0B539B48-35D9-40DA-9CED-1288D073EAB3}.Debug|Any CPU.Build.0 = Debug|Any CPU
		{0B539B48-35D9-40DA-9CED-1288D073EAB3}.Release|Any CPU.ActiveCfg = Release|Any CPU
		{0B539B48-35D9-40DA-9CED-1288D073EAB3}.Release|Any CPU.Build.0 = Release|Any CPU
		{163E8D65-01D0-49F1-BF51-738AEE171A42}.Debug|Any CPU.ActiveCfg = Debug|Any CPU
		{163E8D65-01D0-49F1-BF51-738AEE171A42}.Debug|Any CPU.Build.0 = Debug|Any CPU
		{163E8D65-01D0-49F1-BF51-738AEE171A42}.Release|Any CPU.ActiveCfg = Release|Any CPU
		{163E8D65-01D0-49F1-BF51-738AEE171A42}.Release|Any CPU.Build.0 = Release|Any CPU
	EndGlobalSection
	GlobalSection(SolutionProperties) = preSolution
		HideSolutionNode = FALSE
	EndGlobalSection
	GlobalSection(ExtensibilityGlobals) = postSolution
		SolutionGuid = {932633E6-13EE-4D61-9CE7-8D48F092299F}
	EndGlobalSection
EndGlobal
